
Microsoft Visual Studio Solution File, Format Version 12.00
Project("{FAE04EC0-301F-11D3-BF4B-00C04F79EFBC}") = "RenacciBackend", "RenacciBackend\RenacciBackend.csproj", "{784EE096-1A77-4805-B6CD-653846D94749}"
EndProject
Project("{FAE04EC0-301F-11D3-BF4B-00C04F79EFBC}") = "Core", "Core\Core.csproj", "{66C0FA6D-D6AB-4777-AEAF-87628E139452}"
EndProject
Project("{FAE04EC0-301F-11D3-BF4B-00C04F79EFBC}") = "RenacModbus", "RenacModbus\RenacModbus.csproj", "{C697BAC4-513C-4A67-8C75-B2A2374E28E5}"
EndProject
Project("{FAE04EC0-301F-11D3-BF4B-00C04F79EFBC}") = "Common", "Common\Common.csproj", "{B7058D74-168D-4C23-9F36-6B98DC518BA4}"
EndProject
Global
	GlobalSection(SolutionConfigurationPlatforms) = preSolution
		Debug|Any CPU = Debug|Any CPU
		Release|Any CPU = Release|Any CPU
	EndGlobalSection
	GlobalSection(ProjectConfigurationPlatforms) = postSolution
		{784EE096-1A77-4805-B6CD-653846D94749}.Debug|Any CPU.ActiveCfg = Debug|Any CPU
		{784EE096-1A77-4805-B6CD-653846D94749}.Debug|Any CPU.Build.0 = Debug|Any CPU
		{784EE096-1A77-4805-B6CD-653846D94749}.Release|Any CPU.ActiveCfg = Release|Any CPU
		{784EE096-1A77-4805-B6CD-653846D94749}.Release|Any CPU.Build.0 = Release|Any CPU
		{66C0FA6D-D6AB-4777-AEAF-87628E139452}.Debug|Any CPU.ActiveCfg = Debug|Any CPU
		{66C0FA6D-D6AB-4777-AEAF-87628E139452}.Debug|Any CPU.Build.0 = Debug|Any CPU
		{66C0FA6D-D6AB-4777-AEAF-87628E139452}.Release|Any CPU.ActiveCfg = Release|Any CPU
		{66C0FA6D-D6AB-4777-AEAF-87628E139452}.Release|Any CPU.Build.0 = Release|Any CPU
		{C697BAC4-513C-4A67-8C75-B2A2374E28E5}.Debug|Any CPU.ActiveCfg = Debug|Any CPU
		{C697BAC4-513C-4A67-8C75-B2A2374E28E5}.Debug|Any CPU.Build.0 = Debug|Any CPU
		{C697BAC4-513C-4A67-8C75-B2A2374E28E5}.Release|Any CPU.ActiveCfg = Release|Any CPU
		{C697BAC4-513C-4A67-8C75-B2A2374E28E5}.Release|Any CPU.Build.0 = Release|Any CPU
		{B7058D74-168D-4C23-9F36-6B98DC518BA4}.Debug|Any CPU.ActiveCfg = Debug|Any CPU
		{B7058D74-168D-4C23-9F36-6B98DC518BA4}.Debug|Any CPU.Build.0 = Debug|Any CPU
		{B7058D74-168D-4C23-9F36-6B98DC518BA4}.Release|Any CPU.ActiveCfg = Release|Any CPU
		{B7058D74-168D-4C23-9F36-6B98DC518BA4}.Release|Any CPU.Build.0 = Release|Any CPU
	EndGlobalSection
EndGlobal
